# @generated by Move, please check-in and do not edit manually.

[move]
version = 3
manifest_digest = "BEE5981C930260B726A266137C48C7343D5C4AAA76FECDA1AF8E3372FADF1D33"
deps_digest = "3C4103934B1E040BB6B23F1D610B4EF9F2F1166A50A104EADCF77467C004C600"
dependencies = [
  { id = "Sui", name = "Sui" },
  { id = "artinals", name = "artinals" },
]

[[move.package]]
id = "MoveStdlib"
source = { git = "https://github.com/MystenLabs/sui.git", rev = "framework/mainnet", subdir = "crates/sui-framework/packages/move-stdlib" }

[[move.package]]
id = "Sui"
source = { git = "https://github.com/MystenLabs/sui.git", rev = "framework/mainnet", subdir = "crates/sui-framework/packages/sui-framework" }

dependencies = [
  { id = "MoveStdlib", name = "MoveStdlib" },
]

[[move.package]]
id = "artinals"
source = { git = "https://github.com/artfilabs/artinalsprotocolv1.git", rev = "main", subdir = "." }

dependencies = [
  { id = "Sui", name = "Sui" },
]

[move.toolchain-version]
compiler-version = "1.47.0"
edition = "2024.beta"
flavor = "sui"

[env]

[env.testnet]
chain-id = "4c78adac"
original-published-id = "0x4a254f08e4a114065037f183f330344621a8cb98ca87c185faa9cf81e817aedb"
latest-published-id = "0x4a254f08e4a114065037f183f330344621a8cb98ca87c185faa9cf81e817aedb"
published-version = "1"
